
Microsoft Visual Studio Solution File, Format Version 12.00
Project("{FAE04EC0-301F-11D3-BF4B-00C04F79EFBC}") = "Domain", "Domain\Domain.csproj", "{A773F888-3A07-4244-818C-45F84FD7DB42}"
EndProject
Project("{FAE04EC0-301F-11D3-BF4B-00C04F79EFBC}") = "Infrastructure", "Infrastructure\Infrastructure.csproj", "{0D328F0D-D784-4301-8611-5246774F785B}"
EndProject
Project("{FAE04EC0-301F-11D3-BF4B-00C04F79EFBC}") = "Application", "Application\Application.csproj", "{ADE88B8E-121B-4DF9-9443-11B0F3D22364}"
EndProject
Project("{2150E333-8FDC-42A3-9474-1A3956D46DE8}") = "src", "src", "{49AC20E2-2B7E-4DFB-8E5D-535B089C7DD8}"
EndProject
Project("{2150E333-8FDC-42A3-9474-1A3956D46DE8}") = "tests", "tests", "{F419DAB5-B442-40CA-A8FC-EE863B85AB42}"
EndProject
Project("{FAE04EC0-301F-11D3-BF4B-00C04F79EFBC}") = "RecruitmentTask", "RecruitmentTask\RecruitmentTask.csproj", "{A4CC8768-1283-4AAE-BBBB-C04A7AD0E34C}"
EndProject
Project("{FAE04EC0-301F-11D3-BF4B-00C04F79EFBC}") = "Domain.Tests", "Domain.Tests\Domain.Tests.csproj", "{FF17D43A-0FF1-464A-9578-974C737350F5}"
EndProject
Project("{FAE04EC0-301F-11D3-BF4B-00C04F79EFBC}") = "Application.Tests", "Application.Tests\Application.Tests.csproj", "{91AFC513-DAD2-4DD5-B1AB-EC27D5A8F8F8}"
EndProject
Project("{FAE04EC0-301F-11D3-BF4B-00C04F79EFBC}") = "Infrastructure.Tests", "Infrastructure.Tests\Infrastructure.Tests.csproj", "{794CF971-A0A3-4D7C-A303-332C8A585801}"
EndProject
Global
	GlobalSection(SolutionConfigurationPlatforms) = preSolution
		Debug|Any CPU = Debug|Any CPU
		Release|Any CPU = Release|Any CPU
	EndGlobalSection
	GlobalSection(ProjectConfigurationPlatforms) = postSolution
		{A773F888-3A07-4244-818C-45F84FD7DB42}.Debug|Any CPU.ActiveCfg = Debug|Any CPU
		{A773F888-3A07-4244-818C-45F84FD7DB42}.Debug|Any CPU.Build.0 = Debug|Any CPU
		{A773F888-3A07-4244-818C-45F84FD7DB42}.Release|Any CPU.ActiveCfg = Release|Any CPU
		{A773F888-3A07-4244-818C-45F84FD7DB42}.Release|Any CPU.Build.0 = Release|Any CPU
		{0D328F0D-D784-4301-8611-5246774F785B}.Debug|Any CPU.ActiveCfg = Debug|Any CPU
		{0D328F0D-D784-4301-8611-5246774F785B}.Debug|Any CPU.Build.0 = Debug|Any CPU
		{0D328F0D-D784-4301-8611-5246774F785B}.Release|Any CPU.ActiveCfg = Release|Any CPU
		{0D328F0D-D784-4301-8611-5246774F785B}.Release|Any CPU.Build.0 = Release|Any CPU
		{ADE88B8E-121B-4DF9-9443-11B0F3D22364}.Debug|Any CPU.ActiveCfg = Debug|Any CPU
		{ADE88B8E-121B-4DF9-9443-11B0F3D22364}.Debug|Any CPU.Build.0 = Debug|Any CPU
		{ADE88B8E-121B-4DF9-9443-11B0F3D22364}.Release|Any CPU.ActiveCfg = Release|Any CPU
		{ADE88B8E-121B-4DF9-9443-11B0F3D22364}.Release|Any CPU.Build.0 = Release|Any CPU
		{A4CC8768-1283-4AAE-BBBB-C04A7AD0E34C}.Debug|Any CPU.ActiveCfg = Debug|Any CPU
		{A4CC8768-1283-4AAE-BBBB-C04A7AD0E34C}.Debug|Any CPU.Build.0 = Debug|Any CPU
		{A4CC8768-1283-4AAE-BBBB-C04A7AD0E34C}.Release|Any CPU.ActiveCfg = Release|Any CPU
		{A4CC8768-1283-4AAE-BBBB-C04A7AD0E34C}.Release|Any CPU.Build.0 = Release|Any CPU
		{FF17D43A-0FF1-464A-9578-974C737350F5}.Debug|Any CPU.ActiveCfg = Debug|Any CPU
		{FF17D43A-0FF1-464A-9578-974C737350F5}.Debug|Any CPU.Build.0 = Debug|Any CPU
		{FF17D43A-0FF1-464A-9578-974C737350F5}.Release|Any CPU.ActiveCfg = Release|Any CPU
		{FF17D43A-0FF1-464A-9578-974C737350F5}.Release|Any CPU.Build.0 = Release|Any CPU
		{91AFC513-DAD2-4DD5-B1AB-EC27D5A8F8F8}.Debug|Any CPU.ActiveCfg = Debug|Any CPU
		{91AFC513-DAD2-4DD5-B1AB-EC27D5A8F8F8}.Debug|Any CPU.Build.0 = Debug|Any CPU
		{91AFC513-DAD2-4DD5-B1AB-EC27D5A8F8F8}.Release|Any CPU.ActiveCfg = Release|Any CPU
		{91AFC513-DAD2-4DD5-B1AB-EC27D5A8F8F8}.Release|Any CPU.Build.0 = Release|Any CPU
		{794CF971-A0A3-4D7C-A303-332C8A585801}.Debug|Any CPU.ActiveCfg = Debug|Any CPU
		{794CF971-A0A3-4D7C-A303-332C8A585801}.Debug|Any CPU.Build.0 = Debug|Any CPU
		{794CF971-A0A3-4D7C-A303-332C8A585801}.Release|Any CPU.ActiveCfg = Release|Any CPU
		{794CF971-A0A3-4D7C-A303-332C8A585801}.Release|Any CPU.Build.0 = Release|Any CPU
	EndGlobalSection
	GlobalSection(NestedProjects) = preSolution
		{ADE88B8E-121B-4DF9-9443-11B0F3D22364} = {49AC20E2-2B7E-4DFB-8E5D-535B089C7DD8}
		{A773F888-3A07-4244-818C-45F84FD7DB42} = {49AC20E2-2B7E-4DFB-8E5D-535B089C7DD8}
		{0D328F0D-D784-4301-8611-5246774F785B} = {49AC20E2-2B7E-4DFB-8E5D-535B089C7DD8}
		{A4CC8768-1283-4AAE-BBBB-C04A7AD0E34C} = {49AC20E2-2B7E-4DFB-8E5D-535B089C7DD8}
		{FF17D43A-0FF1-464A-9578-974C737350F5} = {F419DAB5-B442-40CA-A8FC-EE863B85AB42}
		{91AFC513-DAD2-4DD5-B1AB-EC27D5A8F8F8} = {F419DAB5-B442-40CA-A8FC-EE863B85AB42}
		{794CF971-A0A3-4D7C-A303-332C8A585801} = {F419DAB5-B442-40CA-A8FC-EE863B85AB42}
	EndGlobalSection
EndGlobal
